
Microsoft Visual Studio Solution File, Format Version 12.00
# Visual Studio Version 16
VisualStudioVersion = 16.0.30114.105
MinimumVisualStudioVersion = 10.0.40219.1
Project("{9A19103F-16F7-4668-BE54-9A1E7A4F7556}") = "JIPP_1", "JIPP_1\JIPP_1.csproj", "{518005B4-AF0B-4272-B546-EC5C8DA0FF3B}"
EndProject
Project("{9A19103F-16F7-4668-BE54-9A1E7A4F7556}") = "UnitConverter.Logic", "UnitConverter.Logic\UnitConverter.Logic.csproj", "{CBAF192B-8541-4128-964E-EDF8C222C714}"
EndProject
Project("{9A19103F-16F7-4668-BE54-9A1E7A4F7556}") = "UnitConverter.desktop", "UnitConverter.desktop\UnitConverter.desktop.csproj", "{9003FD0E-5FB3-4B54-90BC-33AF1782B2F0}"
EndProject
Project("{FAE04EC0-301F-11D3-BF4B-00C04F79EFBC}") = "dbOperations", "dbOperations\dbOperations.csproj", "{F7C12487-B10D-4555-844F-87ABD2A811F5}"
EndProject
Global
	GlobalSection(SolutionConfigurationPlatforms) = preSolution
		Debug|Any CPU = Debug|Any CPU
		Release|Any CPU = Release|Any CPU
	EndGlobalSection
	GlobalSection(ProjectConfigurationPlatforms) = postSolution
		{518005B4-AF0B-4272-B546-EC5C8DA0FF3B}.Debug|Any CPU.ActiveCfg = Debug|Any CPU
		{518005B4-AF0B-4272-B546-EC5C8DA0FF3B}.Debug|Any CPU.Build.0 = Debug|Any CPU
		{518005B4-AF0B-4272-B546-EC5C8DA0FF3B}.Release|Any CPU.ActiveCfg = Release|Any CPU
		{518005B4-AF0B-4272-B546-EC5C8DA0FF3B}.Release|Any CPU.Build.0 = Release|Any CPU
		{CBAF192B-8541-4128-964E-EDF8C222C714}.Debug|Any CPU.ActiveCfg = Debug|Any CPU
		{CBAF192B-8541-4128-964E-EDF8C222C714}.Debug|Any CPU.Build.0 = Debug|Any CPU
		{CBAF192B-8541-4128-964E-EDF8C222C714}.Release|Any CPU.ActiveCfg = Release|Any CPU
		{CBAF192B-8541-4128-964E-EDF8C222C714}.Release|Any CPU.Build.0 = Release|Any CPU
		{9003FD0E-5FB3-4B54-90BC-33AF1782B2F0}.Debug|Any CPU.ActiveCfg = Debug|Any CPU
		{9003FD0E-5FB3-4B54-90BC-33AF1782B2F0}.Debug|Any CPU.Build.0 = Debug|Any CPU
		{9003FD0E-5FB3-4B54-90BC-33AF1782B2F0}.Release|Any CPU.ActiveCfg = Release|Any CPU
		{9003FD0E-5FB3-4B54-90BC-33AF1782B2F0}.Release|Any CPU.Build.0 = Release|Any CPU
		{F7C12487-B10D-4555-844F-87ABD2A811F5}.Debug|Any CPU.ActiveCfg = Debug|Any CPU
		{F7C12487-B10D-4555-844F-87ABD2A811F5}.Debug|Any CPU.Build.0 = Debug|Any CPU
		{F7C12487-B10D-4555-844F-87ABD2A811F5}.Release|Any CPU.ActiveCfg = Release|Any CPU
		{F7C12487-B10D-4555-844F-87ABD2A811F5}.Release|Any CPU.Build.0 = Release|Any CPU
	EndGlobalSection
	GlobalSection(SolutionProperties) = preSolution
		HideSolutionNode = FALSE
	EndGlobalSection
	GlobalSection(ExtensibilityGlobals) = postSolution
		SolutionGuid = {FFB26958-3A89-4CBA-98DC-A8921A36475C}
	EndGlobalSection
EndGlobal
